
Microsoft Visual Studio Solution File, Format Version 12.00
# Visual Studio Version 17
VisualStudioVersion = 17.11.35222.181
MinimumVisualStudioVersion = 10.0.40219.1
Project("{FAE04EC0-301F-11D3-BF4B-00C04F79EFBC}") = "NBRBCurrencyTestTask", "NBRBCurrencyTestTask\NBRBCurrencyTestTask.csproj", "{C8C5120B-B7CA-42B6-B909-75EEDECEADBB}"
EndProject
Global
	GlobalSection(SolutionConfigurationPlatforms) = preSolution
		Debug|Any CPU = Debug|Any CPU
		Release|Any CPU = Release|Any CPU
	EndGlobalSection
	GlobalSection(ProjectConfigurationPlatforms) = postSolution
		{C8C5120B-B7CA-42B6-B909-75EEDECEADBB}.Debug|Any CPU.ActiveCfg = Debug|Any CPU
		{C8C5120B-B7CA-42B6-B909-75EEDECEADBB}.Debug|Any CPU.Build.0 = Debug|Any CPU
		{C8C5120B-B7CA-42B6-B909-75EEDECEADBB}.Release|Any CPU.ActiveCfg = Release|Any CPU
		{C8C5120B-B7CA-42B6-B909-75EEDECEADBB}.Release|Any CPU.Build.0 = Release|Any CPU
	EndGlobalSection
	GlobalSection(SolutionProperties) = preSolution
		HideSolutionNode = FALSE
	EndGlobalSection
	GlobalSection(ExtensibilityGlobals) = postSolution
		SolutionGuid = {E79FFBAE-EE78-4CD7-9508-F657144E4D8F}
	EndGlobalSection
EndGlobal
